Microsoft Visual Studio Solution File, Format Version 12.00
# Visual Studio Version 17
VisualStudioVersion = 17.2.32210.308
MinimumVisualStudioVersion = 15.0.26124.0

Project("{2150E333-8FDC-42A3-9474-1A3956D46DE8}") = "Source", "Source", "{58EC3B40-C964-42D7-A03D-88CDD33CB962}"
EndProject
Project("{2150E333-8FDC-42A3-9474-1A3956D46DE8}") = "Platforms", "Platforms", "{F6852050-D3B3-44B9-A573-134C8A65952A}"
EndProject

Project("{9A19103F-16F7-4668-BE54-9A1E7A4F7556}") = "UnoSkia", "UnoSkia\UnoSkia.csproj", "{F7C790AD-1E0B-4F21-91D0-B40773426561}"
EndProject
Project("{9A19103F-16F7-4668-BE54-9A1E7A4F7556}") = "UnoSkia.Shared", "UnoSkia.Shared\UnoSkia.Shared.csproj", "{2189102C-8698-4760-A2C5-ADED686F84E2}"
EndProject
Project("{9A19103F-16F7-4668-BE54-9A1E7A4F7556}") = "UnoSkia.Mobile", "UnoSkia.Mobile\UnoSkia.Mobile.csproj", "{D631DB29-CCD8-410F-B028-E859C633CE22}"
EndProject
Project("{9A19103F-16F7-4668-BE54-9A1E7A4F7556}") = "UnoSkia.Wasm", "UnoSkia.Wasm\UnoSkia.Wasm.csproj", "{D0C9DC54-DB35-4C9F-9180-962F594F718A}"
EndProject
Project("{9A19103F-16F7-4668-BE54-9A1E7A4F7556}") = "UnoSkia.Skia.Gtk", "UnoSkia.Skia.Gtk\UnoSkia.Skia.Gtk.csproj", "{2DA88B08-C199-4C37-80F3-6FC5FDC65EA3}"
EndProject

Project("{2150E333-8FDC-42A3-9474-1A3956D46DE8}") = "Solution Items", "Solution Items", "{BADA71DC-7FFD-4EDC-9F28-FB74AEADC713}"
	ProjectSection(SolutionItems) = preProject
		.gitignore = .gitignore
		Directory.Build.props = Directory.Build.props
		Directory.Build.targets = Directory.Build.targets
		solution-config.props.sample = solution-config.props.sample
		Directory.Packages.props = Directory.Packages.props
	EndProjectSection
EndProject
Global
	GlobalSection(SolutionConfigurationPlatforms) = preSolution
		Debug|Any CPU = Debug|Any CPU
		Debug|ARM = Debug|ARM
		Debug|ARM64 = Debug|ARM64
		Debug|iPhone = Debug|iPhone
		Debug|iPhoneSimulator = Debug|iPhoneSimulator
		Debug|x64 = Debug|x64
		Debug|x86 = Debug|x86
		Release|Any CPU = Release|Any CPU
		Release|ARM = Release|ARM
		Release|ARM64 = Release|ARM64
		Release|iPhone = Release|iPhone
		Release|iPhoneSimulator = Release|iPhoneSimulator
		Release|x64 = Release|x64
		Release|x86 = Release|x86
	EndGlobalSection
	GlobalSection(ProjectConfigurationPlatforms) = postSolution
		{D631DB29-CCD8-410F-B028-E859C633CE22}.Debug|Any CPU.ActiveCfg = Debug|Any CPU
		{D631DB29-CCD8-410F-B028-E859C633CE22}.Debug|Any CPU.Build.0 = Debug|Any CPU
		{D631DB29-CCD8-410F-B028-E859C633CE22}.Debug|Any CPU.Deploy.0 = Debug|Any CPU
		{D631DB29-CCD8-410F-B028-E859C633CE22}.Debug|ARM.ActiveCfg = Debug|Any CPU
		{D631DB29-CCD8-410F-B028-E859C633CE22}.Debug|ARM.Build.0 = Debug|Any CPU
		{D631DB29-CCD8-410F-B028-E859C633CE22}.Debug|ARM.Deploy.0 = Debug|Any CPU
		{D631DB29-CCD8-410F-B028-E859C633CE22}.Debug|ARM64.ActiveCfg = Debug|Any CPU
		{D631DB29-CCD8-410F-B028-E859C633CE22}.Debug|ARM64.Build.0 = Debug|Any CPU
		{D631DB29-CCD8-410F-B028-E859C633CE22}.Debug|ARM64.Deploy.0 = Debug|Any CPU
		{D631DB29-CCD8-410F-B028-E859C633CE22}.Debug|iPhone.ActiveCfg = Debug|Any CPU
		{D631DB29-CCD8-410F-B028-E859C633CE22}.Debug|iPhone.Build.0 = Debug|Any CPU
		{D631DB29-CCD8-410F-B028-E859C633CE22}.Debug|iPhone.Deploy.0 = Debug|Any CPU
		{D631DB29-CCD8-410F-B028-E859C633CE22}.Debug|iPhoneSimulator.ActiveCfg = Debug|Any CPU
		{D631DB29-CCD8-410F-B028-E859C633CE22}.Debug|iPhoneSimulator.Build.0 = Debug|Any CPU
		{D631DB29-CCD8-410F-B028-E859C633CE22}.Debug|iPhoneSimulator.Deploy.0 = Debug|Any CPU
		{D631DB29-CCD8-410F-B028-E859C633CE22}.Debug|x64.ActiveCfg = Debug|Any CPU
		{D631DB29-CCD8-410F-B028-E859C633CE22}.Debug|x64.Build.0 = Debug|Any CPU
		{D631DB29-CCD8-410F-B028-E859C633CE22}.Debug|x64.Deploy.0 = Debug|Any CPU
		{D631DB29-CCD8-410F-B028-E859C633CE22}.Debug|x86.ActiveCfg = Debug|Any CPU
		{D631DB29-CCD8-410F-B028-E859C633CE22}.Debug|x86.Build.0 = Debug|Any CPU
		{D631DB29-CCD8-410F-B028-E859C633CE22}.Debug|x86.Deploy.0 = Debug|Any CPU
		{D631DB29-CCD8-410F-B028-E859C633CE22}.Release|Any CPU.ActiveCfg = Release|Any CPU
		{D631DB29-CCD8-410F-B028-E859C633CE22}.Release|Any CPU.Build.0 = Release|Any CPU
		{D631DB29-CCD8-410F-B028-E859C633CE22}.Release|Any CPU.Deploy.0 = Release|Any CPU
		{D631DB29-CCD8-410F-B028-E859C633CE22}.Release|ARM.ActiveCfg = Release|Any CPU
		{D631DB29-CCD8-410F-B028-E859C633CE22}.Release|ARM.Build.0 = Release|Any CPU
		{D631DB29-CCD8-410F-B028-E859C633CE22}.Release|ARM.Deploy.0 = Release|Any CPU
		{D631DB29-CCD8-410F-B028-E859C633CE22}.Release|ARM64.ActiveCfg = Release|Any CPU
		{D631DB29-CCD8-410F-B028-E859C633CE22}.Release|ARM64.Build.0 = Release|Any CPU
		{D631DB29-CCD8-410F-B028-E859C633CE22}.Release|ARM64.Deploy.0 = Release|Any CPU
		{D631DB29-CCD8-410F-B028-E859C633CE22}.Release|iPhone.ActiveCfg = Release|Any CPU
		{D631DB29-CCD8-410F-B028-E859C633CE22}.Release|iPhone.Build.0 = Release|Any CPU
		{D631DB29-CCD8-410F-B028-E859C633CE22}.Release|iPhone.Deploy.0 = Release|Any CPU
		{D631DB29-CCD8-410F-B028-E859C633CE22}.Release|iPhoneSimulator.ActiveCfg = Release|Any CPU
		{D631DB29-CCD8-410F-B028-E859C633CE22}.Release|iPhoneSimulator.Build.0 = Release|Any CPU
		{D631DB29-CCD8-410F-B028-E859C633CE22}.Release|iPhoneSimulator.Deploy.0 = Release|Any CPU
		{D631DB29-CCD8-410F-B028-E859C633CE22}.Release|x64.ActiveCfg = Release|Any CPU
		{D631DB29-CCD8-410F-B028-E859C633CE22}.Release|x64.Build.0 = Release|Any CPU
		{D631DB29-CCD8-410F-B028-E859C633CE22}.Release|x64.Deploy.0 = Release|Any CPU
		{D631DB29-CCD8-410F-B028-E859C633CE22}.Release|x86.ActiveCfg = Release|Any CPU
		{D631DB29-CCD8-410F-B028-E859C633CE22}.Release|x86.Build.0 = Release|Any CPU
		{D631DB29-CCD8-410F-B028-E859C633CE22}.Release|x86.Deploy.0 = Release|Any CPU
		{D0C9DC54-DB35-4C9F-9180-962F594F718A}.Debug|Any CPU.ActiveCfg = Debug|Any CPU
		{D0C9DC54-DB35-4C9F-9180-962F594F718A}.Debug|Any CPU.Build.0 = Debug|Any CPU
		{D0C9DC54-DB35-4C9F-9180-962F594F718A}.Debug|ARM.ActiveCfg = Debug|Any CPU
		{D0C9DC54-DB35-4C9F-9180-962F594F718A}.Debug|ARM.Build.0 = Debug|Any CPU
		{D0C9DC54-DB35-4C9F-9180-962F594F718A}.Debug|ARM64.ActiveCfg = Debug|Any CPU
		{D0C9DC54-DB35-4C9F-9180-962F594F718A}.Debug|ARM64.Build.0 = Debug|Any CPU
		{D0C9DC54-DB35-4C9F-9180-962F594F718A}.Debug|iPhone.ActiveCfg = Debug|Any CPU
		{D0C9DC54-DB35-4C9F-9180-962F594F718A}.Debug|iPhone.Build.0 = Debug|Any CPU
		{D0C9DC54-DB35-4C9F-9180-962F594F718A}.Debug|iPhoneSimulator.ActiveCfg = Debug|Any CPU
		{D0C9DC54-DB35-4C9F-9180-962F594F718A}.Debug|iPhoneSimulator.Build.0 = Debug|Any CPU
		{D0C9DC54-DB35-4C9F-9180-962F594F718A}.Debug|x64.ActiveCfg = Debug|Any CPU
		{D0C9DC54-DB35-4C9F-9180-962F594F718A}.Debug|x64.Build.0 = Debug|Any CPU
		{D0C9DC54-DB35-4C9F-9180-962F594F718A}.Debug|x86.ActiveCfg = Debug|Any CPU
		{D0C9DC54-DB35-4C9F-9180-962F594F718A}.Debug|x86.Build.0 = Debug|Any CPU
		{D0C9DC54-DB35-4C9F-9180-962F594F718A}.Release|Any CPU.ActiveCfg = Release|Any CPU
		{D0C9DC54-DB35-4C9F-9180-962F594F718A}.Release|Any CPU.Build.0 = Release|Any CPU
		{D0C9DC54-DB35-4C9F-9180-962F594F718A}.Release|ARM.ActiveCfg = Release|Any CPU
		{D0C9DC54-DB35-4C9F-9180-962F594F718A}.Release|ARM.Build.0 = Release|Any CPU
		{D0C9DC54-DB35-4C9F-9180-962F594F718A}.Release|ARM64.ActiveCfg = Release|Any CPU
		{D0C9DC54-DB35-4C9F-9180-962F594F718A}.Release|ARM64.Build.0 = Release|Any CPU
		{D0C9DC54-DB35-4C9F-9180-962F594F718A}.Release|iPhone.ActiveCfg = Release|Any CPU
		{D0C9DC54-DB35-4C9F-9180-962F594F718A}.Release|iPhone.Build.0 = Release|Any CPU
		{D0C9DC54-DB35-4C9F-9180-962F594F718A}.Release|iPhoneSimulator.ActiveCfg = Release|Any CPU
		{D0C9DC54-DB35-4C9F-9180-962F594F718A}.Release|iPhoneSimulator.Build.0 = Release|Any CPU
		{D0C9DC54-DB35-4C9F-9180-962F594F718A}.Release|x64.ActiveCfg = Release|Any CPU
		{D0C9DC54-DB35-4C9F-9180-962F594F718A}.Release|x64.Build.0 = Release|Any CPU
		{D0C9DC54-DB35-4C9F-9180-962F594F718A}.Release|x86.ActiveCfg = Release|Any CPU
		{D0C9DC54-DB35-4C9F-9180-962F594F718A}.Release|x86.Build.0 = Release|Any CPU
		{2DA88B08-C199-4C37-80F3-6FC5FDC65EA3}.Debug|Any CPU.ActiveCfg = Debug|Any CPU
		{2DA88B08-C199-4C37-80F3-6FC5FDC65EA3}.Debug|Any CPU.Build.0 = Debug|Any CPU
		{2DA88B08-C199-4C37-80F3-6FC5FDC65EA3}.Debug|ARM.ActiveCfg = Debug|Any CPU
		{2DA88B08-C199-4C37-80F3-6FC5FDC65EA3}.Debug|ARM.Build.0 = Debug|Any CPU
		{2DA88B08-C199-4C37-80F3-6FC5FDC65EA3}.Debug|ARM64.ActiveCfg = Debug|Any CPU
		{2DA88B08-C199-4C37-80F3-6FC5FDC65EA3}.Debug|ARM64.Build.0 = Debug|Any CPU
		{2DA88B08-C199-4C37-80F3-6FC5FDC65EA3}.Debug|iPhone.ActiveCfg = Debug|Any CPU
		{2DA88B08-C199-4C37-80F3-6FC5FDC65EA3}.Debug|iPhone.Build.0 = Debug|Any CPU
		{2DA88B08-C199-4C37-80F3-6FC5FDC65EA3}.Debug|iPhoneSimulator.ActiveCfg = Debug|Any CPU
		{2DA88B08-C199-4C37-80F3-6FC5FDC65EA3}.Debug|iPhoneSimulator.Build.0 = Debug|Any CPU
		{2DA88B08-C199-4C37-80F3-6FC5FDC65EA3}.Debug|x64.ActiveCfg = Debug|Any CPU
		{2DA88B08-C199-4C37-80F3-6FC5FDC65EA3}.Debug|x64.Build.0 = Debug|Any CPU
		{2DA88B08-C199-4C37-80F3-6FC5FDC65EA3}.Debug|x86.ActiveCfg = Debug|Any CPU
		{2DA88B08-C199-4C37-80F3-6FC5FDC65EA3}.Debug|x86.Build.0 = Debug|Any CPU
		{2DA88B08-C199-4C37-80F3-6FC5FDC65EA3}.Release|Any CPU.ActiveCfg = Release|Any CPU
		{2DA88B08-C199-4C37-80F3-6FC5FDC65EA3}.Release|Any CPU.Build.0 = Release|Any CPU
		{2DA88B08-C199-4C37-80F3-6FC5FDC65EA3}.Release|ARM.ActiveCfg = Release|Any CPU
		{2DA88B08-C199-4C37-80F3-6FC5FDC65EA3}.Release|ARM.Build.0 = Release|Any CPU
		{2DA88B08-C199-4C37-80F3-6FC5FDC65EA3}.Release|ARM64.ActiveCfg = Release|Any CPU
		{2DA88B08-C199-4C37-80F3-6FC5FDC65EA3}.Release|ARM64.Build.0 = Release|Any CPU
		{2DA88B08-C199-4C37-80F3-6FC5FDC65EA3}.Release|iPhone.ActiveCfg = Release|Any CPU
		{2DA88B08-C199-4C37-80F3-6FC5FDC65EA3}.Release|iPhone.Build.0 = Release|Any CPU
		{2DA88B08-C199-4C37-80F3-6FC5FDC65EA3}.Release|iPhoneSimulator.ActiveCfg = Release|Any CPU
		{2DA88B08-C199-4C37-80F3-6FC5FDC65EA3}.Release|iPhoneSimulator.Build.0 = Release|Any CPU
		{2DA88B08-C199-4C37-80F3-6FC5FDC65EA3}.Release|x64.ActiveCfg = Release|Any CPU
		{2DA88B08-C199-4C37-80F3-6FC5FDC65EA3}.Release|x64.Build.0 = Release|Any CPU
		{2DA88B08-C199-4C37-80F3-6FC5FDC65EA3}.Release|x86.ActiveCfg = Release|Any CPU
		{2DA88B08-C199-4C37-80F3-6FC5FDC65EA3}.Release|x86.Build.0 = Release|Any CPU
		{F7C790AD-1E0B-4F21-91D0-B40773426561}.Debug|Any CPU.ActiveCfg = Debug|Any CPU
		{F7C790AD-1E0B-4F21-91D0-B40773426561}.Debug|Any CPU.Build.0 = Debug|Any CPU
		{F7C790AD-1E0B-4F21-91D0-B40773426561}.Debug|ARM.ActiveCfg = Debug|Any CPU
		{F7C790AD-1E0B-4F21-91D0-B40773426561}.Debug|ARM.Build.0 = Debug|Any CPU
		{F7C790AD-1E0B-4F21-91D0-B40773426561}.Debug|ARM64.ActiveCfg = Debug|Any CPU
		{F7C790AD-1E0B-4F21-91D0-B40773426561}.Debug|ARM64.Build.0 = Debug|Any CPU
		{F7C790AD-1E0B-4F21-91D0-B40773426561}.Debug|iPhone.ActiveCfg = Debug|Any CPU
		{F7C790AD-1E0B-4F21-91D0-B40773426561}.Debug|iPhone.Build.0 = Debug|Any CPU
		{F7C790AD-1E0B-4F21-91D0-B40773426561}.Debug|iPhoneSimulator.ActiveCfg = Debug|Any CPU
		{F7C790AD-1E0B-4F21-91D0-B40773426561}.Debug|iPhoneSimulator.Build.0 = Debug|Any CPU
		{F7C790AD-1E0B-4F21-91D0-B40773426561}.Debug|x64.ActiveCfg = Debug|Any CPU
		{F7C790AD-1E0B-4F21-91D0-B40773426561}.Debug|x64.Build.0 = Debug|Any CPU
		{F7C790AD-1E0B-4F21-91D0-B40773426561}.Debug|x86.ActiveCfg = Debug|Any CPU
		{F7C790AD-1E0B-4F21-91D0-B40773426561}.Debug|x86.Build.0 = Debug|Any CPU
		{F7C790AD-1E0B-4F21-91D0-B40773426561}.Release|Any CPU.ActiveCfg = Release|Any CPU
		{F7C790AD-1E0B-4F21-91D0-B40773426561}.Release|Any CPU.Build.0 = Release|Any CPU
		{F7C790AD-1E0B-4F21-91D0-B40773426561}.Release|ARM.ActiveCfg = Release|Any CPU
		{F7C790AD-1E0B-4F21-91D0-B40773426561}.Release|ARM.Build.0 = Release|Any CPU
		{F7C790AD-1E0B-4F21-91D0-B40773426561}.Release|ARM64.ActiveCfg = Release|Any CPU
		{F7C790AD-1E0B-4F21-91D0-B40773426561}.Release|ARM64.Build.0 = Release|Any CPU
		{F7C790AD-1E0B-4F21-91D0-B40773426561}.Release|iPhone.ActiveCfg = Release|Any CPU
		{F7C790AD-1E0B-4F21-91D0-B40773426561}.Release|iPhone.Build.0 = Release|Any CPU
		{F7C790AD-1E0B-4F21-91D0-B40773426561}.Release|iPhoneSimulator.ActiveCfg = Release|Any CPU
		{F7C790AD-1E0B-4F21-91D0-B40773426561}.Release|iPhoneSimulator.Build.0 = Release|Any CPU
		{F7C790AD-1E0B-4F21-91D0-B40773426561}.Release|x64.ActiveCfg = Release|Any CPU
		{F7C790AD-1E0B-4F21-91D0-B40773426561}.Release|x64.Build.0 = Release|Any CPU
		{F7C790AD-1E0B-4F21-91D0-B40773426561}.Release|x86.ActiveCfg = Release|Any CPU
		{F7C790AD-1E0B-4F21-91D0-B40773426561}.Release|x86.Build.0 = Release|Any CPU
	EndGlobalSection
	GlobalSection(SolutionProperties) = preSolution
		HideSolutionNode = FALSE
	EndGlobalSection
	GlobalSection(NestedProjects) = preSolution
		{F7C790AD-1E0B-4F21-91D0-B40773426561} = {58EC3B40-C964-42D7-A03D-88CDD33CB962}
		{2189102C-8698-4760-A2C5-ADED686F84E2} = {F6852050-D3B3-44B9-A573-134C8A65952A}
		{F6852050-D3B3-44B9-A573-134C8A65952A} = {58EC3B40-C964-42D7-A03D-88CDD33CB962}
		{D631DB29-CCD8-410F-B028-E859C633CE22} = {F6852050-D3B3-44B9-A573-134C8A65952A}
		{D0C9DC54-DB35-4C9F-9180-962F594F718A} = {F6852050-D3B3-44B9-A573-134C8A65952A}
		{2DA88B08-C199-4C37-80F3-6FC5FDC65EA3} = {F6852050-D3B3-44B9-A573-134C8A65952A}
	EndGlobalSection
	GlobalSection(ExtensibilityGlobals) = postSolution
		SolutionGuid = {937DA914-CBAA-443F-8259-215A12DD3084}
	EndGlobalSection
EndGlobal
